
Microsoft Visual Studio Solution File, Format Version 12.00
# Visual Studio Version 16
VisualStudioVersion = 16.0.31005.135
MinimumVisualStudioVersion = 10.0.40219.1
Project("{FAE04EC0-301F-11D3-BF4B-00C04F79EFBC}") = "Weather.UWP", "Weather.UWP\Weather.UWP.csproj", "{C0CC459B-A06F-4264-B6BD-FB1B3CABD8E6}"
EndProject
Project("{FAE04EC0-301F-11D3-BF4B-00C04F79EFBC}") = "Weather.Android", "Weather.Android\Weather.Android.csproj", "{94CB0BC7-3936-4B77-93C5-276AE7832338}"
EndProject
Project("{FAE04EC0-301F-11D3-BF4B-00C04F79EFBC}") = "Weather.iOS", "Weather.iOS\Weather.iOS.csproj", "{E4F255A8-5A6F-4DC5-802C-C0CF5CD957C7}"
EndProject
Project("{FAE04EC0-301F-11D3-BF4B-00C04F79EFBC}") = "Weather", "Weather\Weather.csproj", "{5DCD2E93-677C-4532-A887-5E8C8FAA449F}"
EndProject
Global
	GlobalSection(SolutionConfigurationPlatforms) = preSolution
		Debug|Any CPU = Debug|Any CPU
		Debug|ARM = Debug|ARM
		Debug|iPhone = Debug|iPhone
		Debug|iPhoneSimulator = Debug|iPhoneSimulator
		Debug|x64 = Debug|x64
		Debug|x86 = Debug|x86
		Release|Any CPU = Release|Any CPU
		Release|ARM = Release|ARM
		Release|iPhone = Release|iPhone
		Release|iPhoneSimulator = Release|iPhoneSimulator
		Release|x64 = Release|x64
		Release|x86 = Release|x86
	EndGlobalSection
	GlobalSection(ProjectConfigurationPlatforms) = postSolution
		{C0CC459B-A06F-4264-B6BD-FB1B3CABD8E6}.Debug|Any CPU.ActiveCfg = Debug|x86
		{C0CC459B-A06F-4264-B6BD-FB1B3CABD8E6}.Debug|Any CPU.Build.0 = Debug|x86
		{C0CC459B-A06F-4264-B6BD-FB1B3CABD8E6}.Debug|Any CPU.Deploy.0 = Debug|x86
		{C0CC459B-A06F-4264-B6BD-FB1B3CABD8E6}.Debug|ARM.ActiveCfg = Debug|ARM
		{C0CC459B-A06F-4264-B6BD-FB1B3CABD8E6}.Debug|ARM.Build.0 = Debug|ARM
		{C0CC459B-A06F-4264-B6BD-FB1B3CABD8E6}.Debug|ARM.Deploy.0 = Debug|ARM
		{C0CC459B-A06F-4264-B6BD-FB1B3CABD8E6}.Debug|iPhone.ActiveCfg = Debug|x86
		{C0CC459B-A06F-4264-B6BD-FB1B3CABD8E6}.Debug|iPhone.Build.0 = Debug|x86
		{C0CC459B-A06F-4264-B6BD-FB1B3CABD8E6}.Debug|iPhone.Deploy.0 = Debug|x86
		{C0CC459B-A06F-4264-B6BD-FB1B3CABD8E6}.Debug|iPhoneSimulator.ActiveCfg = Debug|x86
		{C0CC459B-A06F-4264-B6BD-FB1B3CABD8E6}.Debug|iPhoneSimulator.Build.0 = Debug|x86
		{C0CC459B-A06F-4264-B6BD-FB1B3CABD8E6}.Debug|iPhoneSimulator.Deploy.0 = Debug|x86
		{C0CC459B-A06F-4264-B6BD-FB1B3CABD8E6}.Debug|x64.ActiveCfg = Debug|x64
		{C0CC459B-A06F-4264-B6BD-FB1B3CABD8E6}.Debug|x64.Build.0 = Debug|x64
		{C0CC459B-A06F-4264-B6BD-FB1B3CABD8E6}.Debug|x64.Deploy.0 = Debug|x64
		{C0CC459B-A06F-4264-B6BD-FB1B3CABD8E6}.Debug|x86.ActiveCfg = Debug|x86
		{C0CC459B-A06F-4264-B6BD-FB1B3CABD8E6}.Debug|x86.Build.0 = Debug|x86
		{C0CC459B-A06F-4264-B6BD-FB1B3CABD8E6}.Debug|x86.Deploy.0 = Debug|x86
		{C0CC459B-A06F-4264-B6BD-FB1B3CABD8E6}.Release|Any CPU.ActiveCfg = Release|x86
		{C0CC459B-A06F-4264-B6BD-FB1B3CABD8E6}.Release|Any CPU.Build.0 = Release|x86
		{C0CC459B-A06F-4264-B6BD-FB1B3CABD8E6}.Release|Any CPU.Deploy.0 = Release|x86
		{C0CC459B-A06F-4264-B6BD-FB1B3CABD8E6}.Release|ARM.ActiveCfg = Release|ARM
		{C0CC459B-A06F-4264-B6BD-FB1B3CABD8E6}.Release|ARM.Build.0 = Release|ARM
		{C0CC459B-A06F-4264-B6BD-FB1B3CABD8E6}.Release|ARM.Deploy.0 = Release|ARM
		{C0CC459B-A06F-4264-B6BD-FB1B3CABD8E6}.Release|iPhone.ActiveCfg = Release|x86
		{C0CC459B-A06F-4264-B6BD-FB1B3CABD8E6}.Release|iPhone.Build.0 = Release|x86
		{C0CC459B-A06F-4264-B6BD-FB1B3CABD8E6}.Release|iPhone.Deploy.0 = Release|x86
		{C0CC459B-A06F-4264-B6BD-FB1B3CABD8E6}.Release|iPhoneSimulator.ActiveCfg = Release|x86
		{C0CC459B-A06F-4264-B6BD-FB1B3CABD8E6}.Release|iPhoneSimulator.Build.0 = Release|x86
		{C0CC459B-A06F-4264-B6BD-FB1B3CABD8E6}.Release|iPhoneSimulator.Deploy.0 = Release|x86
		{C0CC459B-A06F-4264-B6BD-FB1B3CABD8E6}.Release|x64.ActiveCfg = Release|x64
		{C0CC459B-A06F-4264-B6BD-FB1B3CABD8E6}.Release|x64.Build.0 = Release|x64
		{C0CC459B-A06F-4264-B6BD-FB1B3CABD8E6}.Release|x64.Deploy.0 = Release|x64
		{C0CC459B-A06F-4264-B6BD-FB1B3CABD8E6}.Release|x86.ActiveCfg = Release|x86
		{C0CC459B-A06F-4264-B6BD-FB1B3CABD8E6}.Release|x86.Build.0 = Release|x86
		{C0CC459B-A06F-4264-B6BD-FB1B3CABD8E6}.Release|x86.Deploy.0 = Release|x86
		{94CB0BC7-3936-4B77-93C5-276AE7832338}.Debug|Any CPU.ActiveCfg = Debug|Any CPU
		{94CB0BC7-3936-4B77-93C5-276AE7832338}.Debug|Any CPU.Build.0 = Debug|Any CPU
		{94CB0BC7-3936-4B77-93C5-276AE7832338}.Debug|Any CPU.Deploy.0 = Debug|Any CPU
		{94CB0BC7-3936-4B77-93C5-276AE7832338}.Debug|ARM.ActiveCfg = Debug|Any CPU
		{94CB0BC7-3936-4B77-93C5-276AE7832338}.Debug|ARM.Build.0 = Debug|Any CPU
		{94CB0BC7-3936-4B77-93C5-276AE7832338}.Debug|ARM.Deploy.0 = Debug|Any CPU
		{94CB0BC7-3936-4B77-93C5-276AE7832338}.Debug|iPhone.ActiveCfg = Debug|Any CPU
		{94CB0BC7-3936-4B77-93C5-276AE7832338}.Debug|iPhone.Build.0 = Debug|Any CPU
		{94CB0BC7-3936-4B77-93C5-276AE7832338}.Debug|iPhone.Deploy.0 = Debug|Any CPU
		{94CB0BC7-3936-4B77-93C5-276AE7832338}.Debug|iPhoneSimulator.ActiveCfg = Debug|Any CPU
		{94CB0BC7-3936-4B77-93C5-276AE7832338}.Debug|iPhoneSimulator.Build.0 = Debug|Any CPU
		{94CB0BC7-3936-4B77-93C5-276AE7832338}.Debug|iPhoneSimulator.Deploy.0 = Debug|Any CPU
		{94CB0BC7-3936-4B77-93C5-276AE7832338}.Debug|x64.ActiveCfg = Debug|Any CPU
		{94CB0BC7-3936-4B77-93C5-276AE7832338}.Debug|x64.Build.0 = Debug|Any CPU
		{94CB0BC7-3936-4B77-93C5-276AE7832338}.Debug|x64.Deploy.0 = Debug|Any CPU
		{94CB0BC7-3936-4B77-93C5-276AE7832338}.Debug|x86.ActiveCfg = Debug|Any CPU
		{94CB0BC7-3936-4B77-93C5-276AE7832338}.Debug|x86.Build.0 = Debug|Any CPU
		{94CB0BC7-3936-4B77-93C5-276AE7832338}.Debug|x86.Deploy.0 = Debug|Any CPU
		{94CB0BC7-3936-4B77-93C5-276AE7832338}.Release|Any CPU.ActiveCfg = Release|Any CPU
		{94CB0BC7-3936-4B77-93C5-276AE7832338}.Release|Any CPU.Build.0 = Release|Any CPU
		{94CB0BC7-3936-4B77-93C5-276AE7832338}.Release|Any CPU.Deploy.0 = Release|Any CPU
		{94CB0BC7-3936-4B77-93C5-276AE7832338}.Release|ARM.ActiveCfg = Release|Any CPU
		{94CB0BC7-3936-4B77-93C5-276AE7832338}.Release|ARM.Build.0 = Release|Any CPU
		{94CB0BC7-3936-4B77-93C5-276AE7832338}.Release|ARM.Deploy.0 = Release|Any CPU
		{94CB0BC7-3936-4B77-93C5-276AE7832338}.Release|iPhone.ActiveCfg = Release|Any CPU
		{94CB0BC7-3936-4B77-93C5-276AE7832338}.Release|iPhone.Build.0 = Release|Any CPU
		{94CB0BC7-3936-4B77-93C5-276AE7832338}.Release|iPhone.Deploy.0 = Release|Any CPU
		{94CB0BC7-3936-4B77-93C5-276AE7832338}.Release|iPhoneSimulator.ActiveCfg = Release|Any CPU
		{94CB0BC7-3936-4B77-93C5-276AE7832338}.Release|iPhoneSimulator.Build.0 = Release|Any CPU
		{94CB0BC7-3936-4B77-93C5-276AE7832338}.Release|iPhoneSimulator.Deploy.0 = Release|Any CPU
		{94CB0BC7-3936-4B77-93C5-276AE7832338}.Release|x64.ActiveCfg = Release|Any CPU
		{94CB0BC7-3936-4B77-93C5-276AE7832338}.Release|x64.Build.0 = Release|Any CPU
		{94CB0BC7-3936-4B77-93C5-276AE7832338}.Release|x64.Deploy.0 = Release|Any CPU
		{94CB0BC7-3936-4B77-93C5-276AE7832338}.Release|x86.ActiveCfg = Release|Any CPU
		{94CB0BC7-3936-4B77-93C5-276AE7832338}.Release|x86.Build.0 = Release|Any CPU
		{94CB0BC7-3936-4B77-93C5-276AE7832338}.Release|x86.Deploy.0 = Release|Any CPU
		{E4F255A8-5A6F-4DC5-802C-C0CF5CD957C7}.Debug|Any CPU.ActiveCfg = Debug|iPhoneSimulator
		{E4F255A8-5A6F-4DC5-802C-C0CF5CD957C7}.Debug|Any CPU.Build.0 = Debug|iPhoneSimulator
		{E4F255A8-5A6F-4DC5-802C-C0CF5CD957C7}.Debug|Any CPU.Deploy.0 = Debug|iPhoneSimulator
		{E4F255A8-5A6F-4DC5-802C-C0CF5CD957C7}.Debug|ARM.ActiveCfg = Debug|iPhone
		{E4F255A8-5A6F-4DC5-802C-C0CF5CD957C7}.Debug|ARM.Build.0 = Debug|iPhone
		{E4F255A8-5A6F-4DC5-802C-C0CF5CD957C7}.Debug|ARM.Deploy.0 = Debug|iPhone
		{E4F255A8-5A6F-4DC5-802C-C0CF5CD957C7}.Debug|iPhone.ActiveCfg = Debug|iPhone
		{E4F255A8-5A6F-4DC5-802C-C0CF5CD957C7}.Debug|iPhone.Build.0 = Debug|iPhone
		{E4F255A8-5A6F-4DC5-802C-C0CF5CD957C7}.Debug|iPhone.Deploy.0 = Debug|iPhone
		{E4F255A8-5A6F-4DC5-802C-C0CF5CD957C7}.Debug|iPhoneSimulator.ActiveCfg = Debug|iPhoneSimulator
		{E4F255A8-5A6F-4DC5-802C-C0CF5CD957C7}.Debug|iPhoneSimulator.Build.0 = Debug|iPhoneSimulator
		{E4F255A8-5A6F-4DC5-802C-C0CF5CD957C7}.Debug|iPhoneSimulator.Deploy.0 = Debug|iPhoneSimulator
		{E4F255A8-5A6F-4DC5-802C-C0CF5CD957C7}.Debug|x64.ActiveCfg = Debug|iPhoneSimulator
		{E4F255A8-5A6F-4DC5-802C-C0CF5CD957C7}.Debug|x64.Build.0 = Debug|iPhoneSimulator
		{E4F255A8-5A6F-4DC5-802C-C0CF5CD957C7}.Debug|x64.Deploy.0 = Debug|iPhoneSimulator
		{E4F255A8-5A6F-4DC5-802C-C0CF5CD957C7}.Debug|x86.ActiveCfg = Debug|iPhoneSimulator
		{E4F255A8-5A6F-4DC5-802C-C0CF5CD957C7}.Debug|x86.Build.0 = Debug|iPhoneSimulator
		{E4F255A8-5A6F-4DC5-802C-C0CF5CD957C7}.Debug|x86.Deploy.0 = Debug|iPhoneSimulator
		{E4F255A8-5A6F-4DC5-802C-C0CF5CD957C7}.Release|Any CPU.ActiveCfg = Release|iPhoneSimulator
		{E4F255A8-5A6F-4DC5-802C-C0CF5CD957C7}.Release|Any CPU.Build.0 = Release|iPhoneSimulator
		{E4F255A8-5A6F-4DC5-802C-C0CF5CD957C7}.Release|Any CPU.Deploy.0 = Release|iPhoneSimulator
		{E4F255A8-5A6F-4DC5-802C-C0CF5CD957C7}.Release|ARM.ActiveCfg = Release|iPhoneSimulator
		{E4F255A8-5A6F-4DC5-802C-C0CF5CD957C7}.Release|ARM.Build.0 = Release|iPhoneSimulator
		{E4F255A8-5A6F-4DC5-802C-C0CF5CD957C7}.Release|ARM.Deploy.0 = Release|iPhoneSimulator
		{E4F255A8-5A6F-4DC5-802C-C0CF5CD957C7}.Release|iPhone.ActiveCfg = Release|iPhone
		{E4F255A8-5A6F-4DC5-802C-C0CF5CD957C7}.Release|iPhone.Build.0 = Release|iPhone
		{E4F255A8-5A6F-4DC5-802C-C0CF5CD957C7}.Release|iPhone.Deploy.0 = Release|iPhone
		{E4F255A8-5A6F-4DC5-802C-C0CF5CD957C7}.Release|iPhoneSimulator.ActiveCfg = Release|iPhoneSimulator
		{E4F255A8-5A6F-4DC5-802C-C0CF5CD957C7}.Release|iPhoneSimulator.Build.0 = Release|iPhoneSimulator
		{E4F255A8-5A6F-4DC5-802C-C0CF5CD957C7}.Release|iPhoneSimulator.Deploy.0 = Release|iPhoneSimulator
		{E4F255A8-5A6F-4DC5-802C-C0CF5CD957C7}.Release|x64.ActiveCfg = Release|iPhoneSimulator
		{E4F255A8-5A6F-4DC5-802C-C0CF5CD957C7}.Release|x64.Build.0 = Release|iPhoneSimulator
		{E4F255A8-5A6F-4DC5-802C-C0CF5CD957C7}.Release|x64.Deploy.0 = Release|iPhoneSimulator
		{E4F255A8-5A6F-4DC5-802C-C0CF5CD957C7}.Release|x86.ActiveCfg = Release|iPhoneSimulator
		{E4F255A8-5A6F-4DC5-802C-C0CF5CD957C7}.Release|x86.Build.0 = Release|iPhoneSimulator
		{E4F255A8-5A6F-4DC5-802C-C0CF5CD957C7}.Release|x86.Deploy.0 = Release|iPhoneSimulator
		{5DCD2E93-677C-4532-A887-5E8C8FAA449F}.Debug|Any CPU.ActiveCfg = Debug|Any CPU
		{5DCD2E93-677C-4532-A887-5E8C8FAA449F}.Debug|Any CPU.Build.0 = Debug|Any CPU
		{5DCD2E93-677C-4532-A887-5E8C8FAA449F}.Debug|Any CPU.Deploy.0 = Debug|Any CPU
		{5DCD2E93-677C-4532-A887-5E8C8FAA449F}.Debug|ARM.ActiveCfg = Debug|Any CPU
		{5DCD2E93-677C-4532-A887-5E8C8FAA449F}.Debug|ARM.Build.0 = Debug|Any CPU
		{5DCD2E93-677C-4532-A887-5E8C8FAA449F}.Debug|ARM.Deploy.0 = Debug|Any CPU
		{5DCD2E93-677C-4532-A887-5E8C8FAA449F}.Debug|iPhone.ActiveCfg = Debug|Any CPU
		{5DCD2E93-677C-4532-A887-5E8C8FAA449F}.Debug|iPhone.Build.0 = Debug|Any CPU
		{5DCD2E93-677C-4532-A887-5E8C8FAA449F}.Debug|iPhone.Deploy.0 = Debug|Any CPU
		{5DCD2E93-677C-4532-A887-5E8C8FAA449F}.Debug|iPhoneSimulator.ActiveCfg = Debug|Any CPU
		{5DCD2E93-677C-4532-A887-5E8C8FAA449F}.Debug|iPhoneSimulator.Build.0 = Debug|Any CPU
		{5DCD2E93-677C-4532-A887-5E8C8FAA449F}.Debug|iPhoneSimulator.Deploy.0 = Debug|Any CPU
		{5DCD2E93-677C-4532-A887-5E8C8FAA449F}.Debug|x64.ActiveCfg = Debug|Any CPU
		{5DCD2E93-677C-4532-A887-5E8C8FAA449F}.Debug|x64.Build.0 = Debug|Any CPU
		{5DCD2E93-677C-4532-A887-5E8C8FAA449F}.Debug|x64.Deploy.0 = Debug|Any CPU
		{5DCD2E93-677C-4532-A887-5E8C8FAA449F}.Debug|x86.ActiveCfg = Debug|Any CPU
		{5DCD2E93-677C-4532-A887-5E8C8FAA449F}.Debug|x86.Build.0 = Debug|Any CPU
		{5DCD2E93-677C-4532-A887-5E8C8FAA449F}.Debug|x86.Deploy.0 = Debug|Any CPU
		{5DCD2E93-677C-4532-A887-5E8C8FAA449F}.Release|Any CPU.ActiveCfg = Release|Any CPU
		{5DCD2E93-677C-4532-A887-5E8C8FAA449F}.Release|Any CPU.Build.0 = Release|Any CPU
		{5DCD2E93-677C-4532-A887-5E8C8FAA449F}.Release|Any CPU.Deploy.0 = Release|Any CPU
		{5DCD2E93-677C-4532-A887-5E8C8FAA449F}.Release|ARM.ActiveCfg = Release|Any CPU
		{5DCD2E93-677C-4532-A887-5E8C8FAA449F}.Release|ARM.Build.0 = Release|Any CPU
		{5DCD2E93-677C-4532-A887-5E8C8FAA449F}.Release|ARM.Deploy.0 = Release|Any CPU
		{5DCD2E93-677C-4532-A887-5E8C8FAA449F}.Release|iPhone.ActiveCfg = Release|Any CPU
		{5DCD2E93-677C-4532-A887-5E8C8FAA449F}.Release|iPhone.Build.0 = Release|Any CPU
		{5DCD2E93-677C-4532-A887-5E8C8FAA449F}.Release|iPhone.Deploy.0 = Release|Any CPU
		{5DCD2E93-677C-4532-A887-5E8C8FAA449F}.Release|iPhoneSimulator.ActiveCfg = Release|Any CPU
		{5DCD2E93-677C-4532-A887-5E8C8FAA449F}.Release|iPhoneSimulator.Build.0 = Release|Any CPU
		{5DCD2E93-677C-4532-A887-5E8C8FAA449F}.Release|iPhoneSimulator.Deploy.0 = Release|Any CPU
		{5DCD2E93-677C-4532-A887-5E8C8FAA449F}.Release|x64.ActiveCfg = Release|Any CPU
		{5DCD2E93-677C-4532-A887-5E8C8FAA449F}.Release|x64.Build.0 = Release|Any CPU
		{5DCD2E93-677C-4532-A887-5E8C8FAA449F}.Release|x64.Deploy.0 = Release|Any CPU
		{5DCD2E93-677C-4532-A887-5E8C8FAA449F}.Release|x86.ActiveCfg = Release|Any CPU
		{5DCD2E93-677C-4532-A887-5E8C8FAA449F}.Release|x86.Build.0 = Release|Any CPU
		{5DCD2E93-677C-4532-A887-5E8C8FAA449F}.Release|x86.Deploy.0 = Release|Any CPU
	EndGlobalSection
	GlobalSection(SolutionProperties) = preSolution
		HideSolutionNode = FALSE
	EndGlobalSection
	GlobalSection(ExtensibilityGlobals) = postSolution
		SolutionGuid = {FDAC1A93-645F-4B8D-AC06-E1F57B0451D2}
	EndGlobalSection
EndGlobal
